
Microsoft Visual Studio Solution File, Format Version 12.00
# Visual Studio Version 16
VisualStudioVersion = 16.0.29418.71
MinimumVisualStudioVersion = 10.0.40219.1
Project("{FAE04EC0-301F-11D3-BF4B-00C04F79EFBC}") = "Thi_.Net", "Thi_.Net.csproj", "{3BABF4F6-AD82-4482-92F2-5947787EA02F}"
EndProject
Global
	GlobalSection(SolutionConfigurationPlatforms) = preSolution
		Debug|Any CPU = Debug|Any CPU
		Release|Any CPU = Release|Any CPU
	EndGlobalSection
	GlobalSection(ProjectConfigurationPlatforms) = postSolution
		{3BABF4F6-AD82-4482-92F2-5947787EA02F}.Debug|Any CPU.ActiveCfg = Debug|Any CPU
		{3BABF4F6-AD82-4482-92F2-5947787EA02F}.Debug|Any CPU.Build.0 = Debug|Any CPU
		{3BABF4F6-AD82-4482-92F2-5947787EA02F}.Release|Any CPU.ActiveCfg = Release|Any CPU
		{3BABF4F6-AD82-4482-92F2-5947787EA02F}.Release|Any CPU.Build.0 = Release|Any CPU
	EndGlobalSection
	GlobalSection(SolutionProperties) = preSolution
		HideSolutionNode = FALSE
	EndGlobalSection
	GlobalSection(ExtensibilityGlobals) = postSolution
		SolutionGuid = {7F5BD373-E0E1-4BBC-8E59-09ED3CAB0164}
	EndGlobalSection
EndGlobal
